
Microsoft Visual Studio Solution File, Format Version 12.00
# Visual Studio Version 17
VisualStudioVersion = 17.0.31314.256
MinimumVisualStudioVersion = 10.0.40219.1
Project("{2150E333-8FDC-42A3-9474-1A3956D46DE8}") = "Engine", "Engine", "{233774A8-CC9D-3FA9-86D1-90573E92B704}"
EndProject
Project("{2150E333-8FDC-42A3-9474-1A3956D46DE8}") = "Games", "Games", "{DE1F8B53-6C02-3C13-9101-A7C8D96F3FF6}"
EndProject
Project("{8BC9CEB8-8B4A-11D0-8D11-00A0C91BC942}") = "UE5", "Intermediate\ProjectFiles\UE5.vcxproj", "{43DC8A5A-7051-3E5A-8ED9-A313D83C016A}"
EndProject
Project("{8BC9CEB8-8B4A-11D0-8D11-00A0C91BC942}") = "Unreal_Shoot", "Intermediate\ProjectFiles\Unreal_Shoot.vcxproj", "{241970C5-882A-327D-A81A-227CC874D519}"
EndProject
Project("{2150E333-8FDC-42A3-9474-1A3956D46DE8}") = "Visualizers", "Visualizers", "{1CCEC849-CC72-4C59-8C36-2F7C38706D4C}"
	ProjectSection(SolutionItems) = preProject
		..\..\..\..\..\Program Files\Epic Games\UE_5.0\Engine\Extras\VisualStudioDebugging\Unreal.natvis = ..\..\..\..\..\Program Files\Epic Games\UE_5.0\Engine\Extras\VisualStudioDebugging\Unreal.natvis
	EndProjectSection
EndProject
Global
	GlobalSection(SolutionConfigurationPlatforms) = preSolution
		DebugGame Editor|HoloLens = DebugGame Editor|HoloLens
		DebugGame Editor|IOS = DebugGame Editor|IOS
		DebugGame Editor|TVOS = DebugGame Editor|TVOS
		DebugGame Editor|Win64 = DebugGame Editor|Win64
		DebugGame|HoloLens = DebugGame|HoloLens
		DebugGame|IOS = DebugGame|IOS
		DebugGame|TVOS = DebugGame|TVOS
		DebugGame|Win64 = DebugGame|Win64
		Development Editor|HoloLens = Development Editor|HoloLens
		Development Editor|IOS = Development Editor|IOS
		Development Editor|TVOS = Development Editor|TVOS
		Development Editor|Win64 = Development Editor|Win64
		Development|HoloLens = Development|HoloLens
		Development|IOS = Development|IOS
		Development|TVOS = Development|TVOS
		Development|Win64 = Development|Win64
		Shipping|HoloLens = Shipping|HoloLens
		Shipping|IOS = Shipping|IOS
		Shipping|TVOS = Shipping|TVOS
		Shipping|Win64 = Shipping|Win64
	EndGlobalSection
	# UnrealVS Section
	GlobalSection(ddbf523f-7eb6-4887-bd51-85a714ff87eb) = preSolution
		AvailablePlatforms=Win64;HoloLens;IOS;TVOS
	EndGlobalSection
	GlobalSection(ProjectConfigurationPlatforms) = postSolution
		{43DC8A5A-7051-3E5A-8ED9-A313D83C016A}.DebugGame Editor|HoloLens.ActiveCfg = BuiltWithUnrealBuildTool|Win64
		{43DC8A5A-7051-3E5A-8ED9-A313D83C016A}.DebugGame Editor|IOS.ActiveCfg = BuiltWithUnrealBuildTool|Win64
		{43DC8A5A-7051-3E5A-8ED9-A313D83C016A}.DebugGame Editor|TVOS.ActiveCfg = BuiltWithUnrealBuildTool|Win64
		{43DC8A5A-7051-3E5A-8ED9-A313D83C016A}.DebugGame Editor|Win64.ActiveCfg = BuiltWithUnrealBuildTool|Win64
		{43DC8A5A-7051-3E5A-8ED9-A313D83C016A}.DebugGame|HoloLens.ActiveCfg = BuiltWithUnrealBuildTool|Win64
		{43DC8A5A-7051-3E5A-8ED9-A313D83C016A}.DebugGame|IOS.ActiveCfg = BuiltWithUnrealBuildTool|Win64
		{43DC8A5A-7051-3E5A-8ED9-A313D83C016A}.DebugGame|TVOS.ActiveCfg = BuiltWithUnrealBuildTool|Win64
		{43DC8A5A-7051-3E5A-8ED9-A313D83C016A}.DebugGame|Win64.ActiveCfg = BuiltWithUnrealBuildTool|Win64
		{43DC8A5A-7051-3E5A-8ED9-A313D83C016A}.Development Editor|HoloLens.ActiveCfg = BuiltWithUnrealBuildTool|Win64
		{43DC8A5A-7051-3E5A-8ED9-A313D83C016A}.Development Editor|IOS.ActiveCfg = BuiltWithUnrealBuildTool|Win64
		{43DC8A5A-7051-3E5A-8ED9-A313D83C016A}.Development Editor|TVOS.ActiveCfg = BuiltWithUnrealBuildTool|Win64
		{43DC8A5A-7051-3E5A-8ED9-A313D83C016A}.Development Editor|Win64.ActiveCfg = BuiltWithUnrealBuildTool|Win64
		{43DC8A5A-7051-3E5A-8ED9-A313D83C016A}.Development|HoloLens.ActiveCfg = BuiltWithUnrealBuildTool|Win64
		{43DC8A5A-7051-3E5A-8ED9-A313D83C016A}.Development|IOS.ActiveCfg = BuiltWithUnrealBuildTool|Win64
		{43DC8A5A-7051-3E5A-8ED9-A313D83C016A}.Development|TVOS.ActiveCfg = BuiltWithUnrealBuildTool|Win64
		{43DC8A5A-7051-3E5A-8ED9-A313D83C016A}.Development|Win64.ActiveCfg = BuiltWithUnrealBuildTool|Win64
		{43DC8A5A-7051-3E5A-8ED9-A313D83C016A}.Shipping|HoloLens.ActiveCfg = BuiltWithUnrealBuildTool|Win64
		{43DC8A5A-7051-3E5A-8ED9-A313D83C016A}.Shipping|IOS.ActiveCfg = BuiltWithUnrealBuildTool|Win64
		{43DC8A5A-7051-3E5A-8ED9-A313D83C016A}.Shipping|TVOS.ActiveCfg = BuiltWithUnrealBuildTool|Win64
		{43DC8A5A-7051-3E5A-8ED9-A313D83C016A}.Shipping|Win64.ActiveCfg = BuiltWithUnrealBuildTool|Win64
		{241970C5-882A-327D-A81A-227CC874D519}.DebugGame Editor|HoloLens.ActiveCfg = Invalid|x64
		{241970C5-882A-327D-A81A-227CC874D519}.DebugGame Editor|IOS.ActiveCfg = Invalid|x64
		{241970C5-882A-327D-A81A-227CC874D519}.DebugGame Editor|TVOS.ActiveCfg = Invalid|x64
		{241970C5-882A-327D-A81A-227CC874D519}.DebugGame Editor|Win64.ActiveCfg = DebugGame_Editor|x64
		{241970C5-882A-327D-A81A-227CC874D519}.DebugGame Editor|Win64.Build.0 = DebugGame_Editor|x64
		{241970C5-882A-327D-A81A-227CC874D519}.DebugGame|HoloLens.ActiveCfg = DebugGame|arm64
		{241970C5-882A-327D-A81A-227CC874D519}.DebugGame|HoloLens.Build.0 = DebugGame|arm64
		{241970C5-882A-327D-A81A-227CC874D519}.DebugGame|HoloLens.Deploy.0 = DebugGame|arm64
		{241970C5-882A-327D-A81A-227CC874D519}.DebugGame|IOS.ActiveCfg = IOS_DebugGame|Win64
		{241970C5-882A-327D-A81A-227CC874D519}.DebugGame|IOS.Build.0 = IOS_DebugGame|Win64
		{241970C5-882A-327D-A81A-227CC874D519}.DebugGame|TVOS.ActiveCfg = TVOS_DebugGame|Win64
		{241970C5-882A-327D-A81A-227CC874D519}.DebugGame|TVOS.Build.0 = TVOS_DebugGame|Win64
		{241970C5-882A-327D-A81A-227CC874D519}.DebugGame|Win64.ActiveCfg = DebugGame|x64
		{241970C5-882A-327D-A81A-227CC874D519}.DebugGame|Win64.Build.0 = DebugGame|x64
		{241970C5-882A-327D-A81A-227CC874D519}.Development Editor|HoloLens.ActiveCfg = Invalid|x64
		{241970C5-882A-327D-A81A-227CC874D519}.Development Editor|IOS.ActiveCfg = Invalid|x64
		{241970C5-882A-327D-A81A-227CC874D519}.Development Editor|TVOS.ActiveCfg = Invalid|x64
		{241970C5-882A-327D-A81A-227CC874D519}.Development Editor|Win64.ActiveCfg = Development_Editor|x64
		{241970C5-882A-327D-A81A-227CC874D519}.Development Editor|Win64.Build.0 = Development_Editor|x64
		{241970C5-882A-327D-A81A-227CC874D519}.Development|HoloLens.ActiveCfg = Development|arm64
		{241970C5-882A-327D-A81A-227CC874D519}.Development|HoloLens.Build.0 = Development|arm64
		{241970C5-882A-327D-A81A-227CC874D519}.Development|HoloLens.Deploy.0 = Development|arm64
		{241970C5-882A-327D-A81A-227CC874D519}.Development|IOS.ActiveCfg = IOS_Development|Win64
		{241970C5-882A-327D-A81A-227CC874D519}.Development|IOS.Build.0 = IOS_Development|Win64
		{241970C5-882A-327D-A81A-227CC874D519}.Development|TVOS.ActiveCfg = TVOS_Development|Win64
		{241970C5-882A-327D-A81A-227CC874D519}.Development|TVOS.Build.0 = TVOS_Development|Win64
		{241970C5-882A-327D-A81A-227CC874D519}.Development|Win64.ActiveCfg = Development|x64
		{241970C5-882A-327D-A81A-227CC874D519}.Development|Win64.Build.0 = Development|x64
		{241970C5-882A-327D-A81A-227CC874D519}.Shipping|HoloLens.ActiveCfg = Shipping|arm64
		{241970C5-882A-327D-A81A-227CC874D519}.Shipping|HoloLens.Build.0 = Shipping|arm64
		{241970C5-882A-327D-A81A-227CC874D519}.Shipping|HoloLens.Deploy.0 = Shipping|arm64
		{241970C5-882A-327D-A81A-227CC874D519}.Shipping|IOS.ActiveCfg = IOS_Shipping|Win64
		{241970C5-882A-327D-A81A-227CC874D519}.Shipping|IOS.Build.0 = IOS_Shipping|Win64
		{241970C5-882A-327D-A81A-227CC874D519}.Shipping|TVOS.ActiveCfg = TVOS_Shipping|Win64
		{241970C5-882A-327D-A81A-227CC874D519}.Shipping|TVOS.Build.0 = TVOS_Shipping|Win64
		{241970C5-882A-327D-A81A-227CC874D519}.Shipping|Win64.ActiveCfg = Shipping|x64
		{241970C5-882A-327D-A81A-227CC874D519}.Shipping|Win64.Build.0 = Shipping|x64
	EndGlobalSection
	GlobalSection(SolutionProperties) = preSolution
		HideSolutionNode = FALSE
	EndGlobalSection
	GlobalSection(NestedProjects) = preSolution
		{43DC8A5A-7051-3E5A-8ED9-A313D83C016A} = {233774A8-CC9D-3FA9-86D1-90573E92B704}
		{241970C5-882A-327D-A81A-227CC874D519} = {DE1F8B53-6C02-3C13-9101-A7C8D96F3FF6}
	EndGlobalSection
EndGlobal
